
Microsoft Visual Studio Solution File, Format Version 12.00
# Visual Studio 15
VisualStudioVersion = 15.0.28307.271
MinimumVisualStudioVersion = 10.0.40219.1
Project("{FAE04EC0-301F-11D3-BF4B-00C04F79EFBC}") = "Inclass5", "Inclass5\Inclass5.csproj", "{199279A0-593F-40BE-8181-823B6EF727E0}"
EndProject
Global
	GlobalSection(SolutionConfigurationPlatforms) = preSolution
		Debug|Any CPU = Debug|Any CPU
		Release|Any CPU = Release|Any CPU
	EndGlobalSection
	GlobalSection(ProjectConfigurationPlatforms) = postSolution
		{199279A0-593F-40BE-8181-823B6EF727E0}.Debug|Any CPU.ActiveCfg = Debug|Any CPU
		{199279A0-593F-40BE-8181-823B6EF727E0}.Debug|Any CPU.Build.0 = Debug|Any CPU
		{199279A0-593F-40BE-8181-823B6EF727E0}.Release|Any CPU.ActiveCfg = Release|Any CPU
		{199279A0-593F-40BE-8181-823B6EF727E0}.Release|Any CPU.Build.0 = Release|Any CPU
	EndGlobalSection
	GlobalSection(SolutionProperties) = preSolution
		HideSolutionNode = FALSE
	EndGlobalSection
	GlobalSection(ExtensibilityGlobals) = postSolution
		SolutionGuid = {EC6F521E-D4FA-4340-83C9-317B83C67920}
	EndGlobalSection
EndGlobal
